PODS:
  - AWWebView (0.1.0):
    - WebViewJavascriptBridge
  - WebViewJavascriptBridge (6.0.3)

DEPENDENCIES:
  - AWWebView (from `../`)

SPEC REPOS:
  https://github.com/CocoaPods/Specs.git:
    - WebViewJavascriptBridge

EXTERNAL SOURCES:
  AWWebView:
    :path: "../"

SPEC CHECKSUMS:
  AWWebView: 91fdf43ce1dbb9d68f2ed665bdc5fa8bc00faee5
  WebViewJavascriptBridge: 7f5bc4d3581e672e8f32bd0f812d54bc69bb8e29

PODFILE CHECKSUM: 89e757e63d54a8b98550ccb2d406865eb4952a32

COCOAPODS: 1.10.0
